// !$*UTF8*$!
{
	archiveVersion = 1;
	classes = {
	};
	objectVersion = 50;
	objects = {

/* Begin PBXBuildFile section */
		C91E43FB2281DE4000435465 /* you.mp4 in Resources */ = {isa = PBXBuildFile; fileRef = C91E43FA2281DE4000435465 /* you.mp4 */; };
		C91E43FD2281E12D00435465 /* ten.mp4 in Resources */ = {isa = PBXBuildFile; fileRef = C91E43FC2281E12D00435465 /* ten.mp4 */; };
		C91E440F22830C7000435465 /* Playable.swift in Sources */ = {isa = PBXBuildFile; fileRef = C91E440E22830C7000435465 /* Playable.swift */; };
		C91E441122833A7600435465 /* AudioPlayer.swift in Sources */ = {isa = PBXBuildFile; fileRef = C91E441022833A7600435465 /* AudioPlayer.swift */; };
		C91E442D2285E13100435465 /* MediaMixer.swift in Sources */ = {isa = PBXBuildFile; fileRef = C91E442C2285E13100435465 /* MediaMixer.swift */; };
		C91E4430228681CA00435465 /* StreamPlayerView.swift in Sources */ = {isa = PBXBuildFile; fileRef = C91E442F228681CA00435465 /* StreamPlayerView.swift */; };
		C91E44322286AF1800435465 /* AudioStreamer.swift in Sources */ = {isa = PBXBuildFile; fileRef = C91E44312286AF1800435465 /* AudioStreamer.swift */; };
		C91E44342286B95000435465 /* DisplayLinkedQueue.swift in Sources */ = {isa = PBXBuildFile; fileRef = C91E44332286B95000435465 /* DisplayLinkedQueue.swift */; };
		C97E79532291C5B2002E081C /* MediaSegment.swift in Sources */ = {isa = PBXBuildFile; fileRef = C97E79522291C5B2002E081C /* MediaSegment.swift */; };
		C9A8A2072272ECEC00EB3FBC /* ContainerPool.swift in Sources */ = {isa = PBXBuildFile; fileRef = C9A8A2042272ECEC00EB3FBC /* ContainerPool.swift */; };
		C9A8A2092272ECEC00EB3FBC /* Container.swift in Sources */ = {isa = PBXBuildFile; fileRef = C9A8A2062272ECEC00EB3FBC /* Container.swift */; };
		C9A8A2132277DF0500EB3FBC /* Models.swift in Sources */ = {isa = PBXBuildFile; fileRef = C9A8A2122277DF0500EB3FBC /* Models.swift */; };
		C9A8A2192277DF1400EB3FBC /* FileStreamReadable.swift in Sources */ = {isa = PBXBuildFile; fileRef = C9A8A2142277DF1300EB3FBC /* FileStreamReadable.swift */; };
		C9A8A21A2277DF1400EB3FBC /* Mpeg4Parser.swift in Sources */ = {isa = PBXBuildFile; fileRef = C9A8A2152277DF1300EB3FBC /* Mpeg4Parser.swift */; };
		C9A8A21B2277DF1400EB3FBC /* FileReader.swift in Sources */ = {isa = PBXBuildFile; fileRef = C9A8A2162277DF1300EB3FBC /* FileReader.swift */; };
		C9A8A21D2277DF1400EB3FBC /* Extenstions.swift in Sources */ = {isa = PBXBuildFile; fileRef = C9A8A2182277DF1400EB3FBC /* Extenstions.swift */; };
		C9A8A2252277E1F800EB3FBC /* firewerk.mp4 in Resources */ = {isa = PBXBuildFile; fileRef = C9A8A2242277E1F800EB3FBC /* firewerk.mp4 */; };
		C9A8A2272278183A00EB3FBC /* te.mp4 in Resources */ = {isa = PBXBuildFile; fileRef = C9A8A2262278183A00EB3FBC /* te.mp4 */; };
		C9A8A2292278ADD500EB3FBC /* coffee.mp4 in Resources */ = {isa = PBXBuildFile; fileRef = C9A8A2282278ADD500EB3FBC /* coffee.mp4 */; };
		C9A8A22B2278B0E900EB3FBC /* walk.mp4 in Resources */ = {isa = PBXBuildFile; fileRef = C9A8A22A2278B0E900EB3FBC /* walk.mp4 */; };
		C9C28ECF22915D3200337CC7 /* M3U8Decoder.swift in Sources */ = {isa = PBXBuildFile; fileRef = C9C28ECE22915D3200337CC7 /* M3U8Decoder.swift */; };
		C9C28ED222915DA900337CC7 /* MasterPlaylist.swift in Sources */ = {isa = PBXBuildFile; fileRef = C9C28ED122915DA900337CC7 /* MasterPlaylist.swift */; };
		C9C28ED4229192EB00337CC7 /* MediaPlaylist.swift in Sources */ = {isa = PBXBuildFile; fileRef = C9C28ED3229192EB00337CC7 /* MediaPlaylist.swift */; };
		CE2D62C22282BF120078D2C5 /* Mpeg4File.swift in Sources */ = {isa = PBXBuildFile; fileRef = CE2D62C12282BF120078D2C5 /* Mpeg4File.swift */; };
		CE2D62C72282C9940078D2C5 /* MediaFileReadable.swift in Sources */ = {isa = PBXBuildFile; fileRef = CE2D62C62282C9940078D2C5 /* MediaFileReadable.swift */; };
		CE2D62CD2282D4BC0078D2C5 /* MediaPlayable.swift in Sources */ = {isa = PBXBuildFile; fileRef = CE2D62CC2282D4BC0078D2C5 /* MediaPlayable.swift */; };
		CE2D62D4228572BF0078D2C5 /* MoviePlayer.swift in Sources */ = {isa = PBXBuildFile; fileRef = CE2D62D3228572BF0078D2C5 /* MoviePlayer.swift */; };
		CE2D62D6228B9C180078D2C5 /* TSDecoder.swift in Sources */ = {isa = PBXBuildFile; fileRef = CE2D62D5228B9C180078D2C5 /* TSDecoder.swift */; };
		CEF94B82226E8F7D006B7528 /* AppDelegate.swift in Sources */ = {isa = PBXBuildFile; fileRef = CEF94B81226E8F7D006B7528 /* AppDelegate.swift */; };
		CEF94B84226E8F7D006B7528 /* PlayerViewContoller.swift in Sources */ = {isa = PBXBuildFile; fileRef = CEF94B83226E8F7D006B7528 /* PlayerViewContoller.swift */; };
		CEF94B89226E8F7F006B7528 /* Assets.xcassets in Resources */ = {isa = PBXBuildFile; fileRef = CEF94B88226E8F7F006B7528 /* Assets.xcassets */; };
		CEF94B8C226E8F7F006B7528 /* LaunchScreen.storyboard in Resources */ = {isa = PBXBuildFile; fileRef = CEF94B8A226E8F7F006B7528 /* LaunchScreen.storyboard */; };
		CEF94B94226E9E84006B7528 /* VideoFrameReadable.swift in Sources */ = {isa = PBXBuildFile; fileRef = CEF94B93226E9E84006B7528 /* VideoFrameReadable.swift */; };
		CEF94B96226EB7D9006B7528 /* H264Decoder.swift in Sources */ = {isa = PBXBuildFile; fileRef = CEF94B95226EB7D9006B7528 /* H264Decoder.swift */; };
		CEF94B9A226ED513006B7528 /* AvccDecoder.swift in Sources */ = {isa = PBXBuildFile; fileRef = CEF94B99226ED513006B7528 /* AvccDecoder.swift */; };
		CEF94B9C226EDE78006B7528 /* MultiMediaVideoTypeDecoderDelegate.swift in Sources */ = {isa = PBXBuildFile; fileRef = CEF94B9B226EDE78006B7528 /* MultiMediaVideoTypeDecoderDelegate.swift */; };
		CEF94BCE227AD2E0006B7528 /* AAC_ADTSDecoder.swift in Sources */ = {isa = PBXBuildFile; fileRef = CEF94BCD227AD2E0006B7528 /* AAC_ADTSDecoder.swift */; };
		CEF94BD2227ADED5006B7528 /* ma.mp4 in Resources */ = {isa = PBXBuildFile; fileRef = CEF94BD1227ADED5006B7528 /* ma.mp4 */; };
		CEF94BD7227AEDD4006B7528 /* CustomizedPlayerLayer.swift in Sources */ = {isa = PBXBuildFile; fileRef = CEF94BD6227AEDD4006B7528 /* CustomizedPlayerLayer.swift */; };
		CEF94BD9227AEE9C006B7528 /* CustomizedPlayerView.swift in Sources */ = {isa = PBXBuildFile; fileRef = CEF94BD8227AEE9C006B7528 /* CustomizedPlayerView.swift */; };
		CEF94BDB227BCC66006B7528 /* TrackDecodable.swift in Sources */ = {isa = PBXBuildFile; fileRef = CEF94BDA227BCC66006B7528 /* TrackDecodable.swift */; };
		CEF94BDF227BCD38006B7528 /* DecodeModels.swift in Sources */ = {isa = PBXBuildFile; fileRef = CEF94BDE227BCD38006B7528 /* DecodeModels.swift */; };
		CEFE47C42292416E006D6AFE /* HTTPConnetion.swift in Sources */ = {isa = PBXBuildFile; fileRef = CEFE47C32292416E006D6AFE /* HTTPConnetion.swift */; };
		CEFE47C6229242B3006D6AFE /* URLResponse+.swift in Sources */ = {isa = PBXBuildFile; fileRef = CEFE47C5229242B3006D6AFE /* URLResponse+.swift */; };
		CEFE47C8229242EB006D6AFE /* NetworkError.swift in Sources */ = {isa = PBXBuildFile; fileRef = CEFE47C7229242EB006D6AFE /* NetworkError.swift */; };
/* End PBXBuildFile section */

/* Begin PBXFileReference section */
		C91E43FA2281DE4000435465 /* you.mp4 */ = {isa = PBXFileReference; lastKnownFileType = file; path = you.mp4; sourceTree = "<group>"; };
		C91E43FC2281E12D00435465 /* ten.mp4 */ = {isa = PBXFileReference; lastKnownFileType = file; path = ten.mp4; sourceTree = "<group>"; };
		C91E440E22830C7000435465 /* Playable.swift */ = {isa = PBXFileReference; lastKnownFileType = sourcecode.swift; path = Playable.swift; sourceTree = "<group>"; };
		C91E441022833A7600435465 /* AudioPlayer.swift */ = {isa = PBXFileReference; fileEncoding = 4; lastKnownFileType = sourcecode.swift; path = AudioPlayer.swift; sourceTree = "<group>"; };
		C91E442C2285E13100435465 /* MediaMixer.swift */ = {isa = PBXFileReference; lastKnownFileType = sourcecode.swift; path = MediaMixer.swift; sourceTree = "<group>"; };
		C91E442F228681CA00435465 /* StreamPlayerView.swift */ = {isa = PBXFileReference; lastKnownFileType = sourcecode.swift; path = StreamPlayerView.swift; sourceTree = "<group>"; };
		C91E44312286AF1800435465 /* AudioStreamer.swift */ = {isa = PBXFileReference; lastKnownFileType = sourcecode.swift; path = AudioStreamer.swift; sourceTree = "<group>"; };
		C91E44332286B95000435465 /* DisplayLinkedQueue.swift */ = {isa = PBXFileReference; lastKnownFileType = sourcecode.swift; path = DisplayLinkedQueue.swift; sourceTree = "<group>"; };
		C97E79522291C5B2002E081C /* MediaSegment.swift */ = {isa = PBXFileReference; lastKnownFileType = sourcecode.swift; path = MediaSegment.swift; sourceTree = "<group>"; };
		C9A8A2042272ECEC00EB3FBC /* ContainerPool.swift */ = {isa = PBXFileReference; fileEncoding = 4; lastKnownFileType = sourcecode.swift; path = ContainerPool.swift; sourceTree = "<group>"; };
		C9A8A2062272ECEC00EB3FBC /* Container.swift */ = {isa = PBXFileReference; fileEncoding = 4; lastKnownFileType = sourcecode.swift; path = Container.swift; sourceTree = "<group>"; };
		C9A8A2122277DF0500EB3FBC /* Models.swift */ = {isa = PBXFileReference; fileEncoding = 4; lastKnownFileType = sourcecode.swift; path = Models.swift; sourceTree = "<group>"; };
		C9A8A2142277DF1300EB3FBC /* FileStreamReadable.swift */ = {isa = PBXFileReference; fileEncoding = 4; lastKnownFileType = sourcecode.swift; path = FileStreamReadable.swift; sourceTree = "<group>"; };
		C9A8A2152277DF1300EB3FBC /* Mpeg4Parser.swift */ = {isa = PBXFileReference; fileEncoding = 4; lastKnownFileType = sourcecode.swift; path = Mpeg4Parser.swift; sourceTree = "<group>"; };
		C9A8A2162277DF1300EB3FBC /* FileReader.swift */ = {isa = PBXFileReference; fileEncoding = 4; lastKnownFileType = sourcecode.swift; path = FileReader.swift; sourceTree = "<group>"; };
		C9A8A2182277DF1400EB3FBC /* Extenstions.swift */ = {isa = PBXFileReference; fileEncoding = 4; lastKnownFileType = sourcecode.swift; path = Extenstions.swift; sourceTree = "<group>"; };
		C9A8A2242277E1F800EB3FBC /* firewerk.mp4 */ = {isa = PBXFileReference; lastKnownFileType = file; path = firewerk.mp4; sourceTree = "<group>"; };
		C9A8A2262278183A00EB3FBC /* te.mp4 */ = {isa = PBXFileReference; lastKnownFileType = file; path = te.mp4; sourceTree = "<group>"; };
		C9A8A2282278ADD500EB3FBC /* coffee.mp4 */ = {isa = PBXFileReference; lastKnownFileType = file; path = coffee.mp4; sourceTree = "<group>"; };
		C9A8A22A2278B0E900EB3FBC /* walk.mp4 */ = {isa = PBXFileReference; lastKnownFileType = file; path = walk.mp4; sourceTree = "<group>"; };
		C9C28ECE22915D3200337CC7 /* M3U8Decoder.swift */ = {isa = PBXFileReference; lastKnownFileType = sourcecode.swift; path = M3U8Decoder.swift; sourceTree = "<group>"; };
		C9C28ED122915DA900337CC7 /* MasterPlaylist.swift */ = {isa = PBXFileReference; lastKnownFileType = sourcecode.swift; path = MasterPlaylist.swift; sourceTree = "<group>"; };
		C9C28ED3229192EB00337CC7 /* MediaPlaylist.swift */ = {isa = PBXFileReference; lastKnownFileType = sourcecode.swift; path = MediaPlaylist.swift; sourceTree = "<group>"; };
		CE2D62C12282BF120078D2C5 /* Mpeg4File.swift */ = {isa = PBXFileReference; lastKnownFileType = sourcecode.swift; path = Mpeg4File.swift; sourceTree = "<group>"; };
		CE2D62C62282C9940078D2C5 /* MediaFileReadable.swift */ = {isa = PBXFileReference; lastKnownFileType = sourcecode.swift; path = MediaFileReadable.swift; sourceTree = "<group>"; };
		CE2D62CC2282D4BC0078D2C5 /* MediaPlayable.swift */ = {isa = PBXFileReference; lastKnownFileType = sourcecode.swift; path = MediaPlayable.swift; sourceTree = "<group>"; };
		CE2D62D3228572BF0078D2C5 /* MoviePlayer.swift */ = {isa = PBXFileReference; lastKnownFileType = sourcecode.swift; path = MoviePlayer.swift; sourceTree = "<group>"; };
		CE2D62D5228B9C180078D2C5 /* TSDecoder.swift */ = {isa = PBXFileReference; lastKnownFileType = sourcecode.swift; path = TSDecoder.swift; sourceTree = "<group>"; };
		CEF94B7E226E8F7D006B7528 /* CustomPlayer.app */ = {isa = PBXFileReference; explicitFileType = wrapper.application; includeInIndex = 0; path = CustomPlayer.app; sourceTree = BUILT_PRODUCTS_DIR; };
		CEF94B81226E8F7D006B7528 /* AppDelegate.swift */ = {isa = PBXFileReference; lastKnownFileType = sourcecode.swift; path = AppDelegate.swift; sourceTree = "<group>"; };
		CEF94B83226E8F7D006B7528 /* PlayerViewContoller.swift */ = {isa = PBXFileReference; lastKnownFileType = sourcecode.swift; path = PlayerViewContoller.swift; sourceTree = "<group>"; };
		CEF94B88226E8F7F006B7528 /* Assets.xcassets */ = {isa = PBXFileReference; lastKnownFileType = folder.assetcatalog; path = Assets.xcassets; sourceTree = "<group>"; };
		CEF94B8B226E8F7F006B7528 /* Base */ = {isa = PBXFileReference; lastKnownFileType = file.storyboard; name = Base; path = Base.lproj/LaunchScreen.storyboard; sourceTree = "<group>"; };
		CEF94B8D226E8F7F006B7528 /* Info.plist */ = {isa = PBXFileReference; lastKnownFileType = text.plist.xml; path = Info.plist; sourceTree = "<group>"; };
		CEF94B93226E9E84006B7528 /* VideoFrameReadable.swift */ = {isa = PBXFileReference; lastKnownFileType = sourcecode.swift; path = VideoFrameReadable.swift; sourceTree = "<group>"; };
		CEF94B95226EB7D9006B7528 /* H264Decoder.swift */ = {isa = PBXFileReference; lastKnownFileType = sourcecode.swift; path = H264Decoder.swift; sourceTree = "<group>"; };
		CEF94B99226ED513006B7528 /* AvccDecoder.swift */ = {isa = PBXFileReference; lastKnownFileType = sourcecode.swift; path = AvccDecoder.swift; sourceTree = "<group>"; };
		CEF94B9B226EDE78006B7528 /* MultiMediaVideoTypeDecoderDelegate.swift */ = {isa = PBXFileReference; lastKnownFileType = sourcecode.swift; path = MultiMediaVideoTypeDecoderDelegate.swift; sourceTree = "<group>"; };
		CEF94BA8226FE9B4006B7528 /* animation.h264 */ = {isa = PBXFileReference; lastKnownFileType = file; name = animation.h264; path = H264Player/animation.h264; sourceTree = "<group>"; };
		CEF94BCD227AD2E0006B7528 /* AAC_ADTSDecoder.swift */ = {isa = PBXFileReference; lastKnownFileType = sourcecode.swift; path = AAC_ADTSDecoder.swift; sourceTree = "<group>"; };
		CEF94BD1227ADED5006B7528 /* ma.mp4 */ = {isa = PBXFileReference; lastKnownFileType = file; path = ma.mp4; sourceTree = "<group>"; };
		CEF94BD6227AEDD4006B7528 /* CustomizedPlayerLayer.swift */ = {isa = PBXFileReference; lastKnownFileType = sourcecode.swift; path = CustomizedPlayerLayer.swift; sourceTree = "<group>"; };
		CEF94BD8227AEE9C006B7528 /* CustomizedPlayerView.swift */ = {isa = PBXFileReference; lastKnownFileType = sourcecode.swift; path = CustomizedPlayerView.swift; sourceTree = "<group>"; };
		CEF94BDA227BCC66006B7528 /* TrackDecodable.swift */ = {isa = PBXFileReference; lastKnownFileType = sourcecode.swift; path = TrackDecodable.swift; sourceTree = "<group>"; };
		CEF94BDE227BCD38006B7528 /* DecodeModels.swift */ = {isa = PBXFileReference; lastKnownFileType = sourcecode.swift; path = DecodeModels.swift; sourceTree = "<group>"; };
		CEFE47C32292416E006D6AFE /* HTTPConnetion.swift */ = {isa = PBXFileReference; lastKnownFileType = sourcecode.swift; path = HTTPConnetion.swift; sourceTree = "<group>"; };
		CEFE47C5229242B3006D6AFE /* URLResponse+.swift */ = {isa = PBXFileReference; lastKnownFileType = sourcecode.swift; path = "URLResponse+.swift"; sourceTree = "<group>"; };
		CEFE47C7229242EB006D6AFE /* NetworkError.swift */ = {isa = PBXFileReference; lastKnownFileType = sourcecode.swift; path = NetworkError.swift; sourceTree = "<group>"; };
/* End PBXFileReference section */

/* Begin PBXFrameworksBuildPhase section */
		CEF94B7B226E8F7D006B7528 /* Frameworks */ = {
			isa = PBXFrameworksBuildPhase;
			buildActionMask = 2147483647;
			files = (
			);
			runOnlyForDeploymentPostprocessing = 0;
		};
/* End PBXFrameworksBuildPhase section */

/* Begin PBXGroup section */
		C91E44292283E29000435465 /* AudioPlayer */ = {
			isa = PBXGroup;
			children = (
				C91E441022833A7600435465 /* AudioPlayer.swift */,
			);
			path = AudioPlayer;
			sourceTree = "<group>";
		};
		C91E442E2286815800435465 /* StreamPlayerView */ = {
			isa = PBXGroup;
			children = (
				C91E442F228681CA00435465 /* StreamPlayerView.swift */,
			);
			path = StreamPlayerView;
			sourceTree = "<group>";
		};
		C9A8A21E2277DF2400EB3FBC /* Extensions */ = {
			isa = PBXGroup;
			children = (
				C9A8A2182277DF1400EB3FBC /* Extenstions.swift */,
			);
			path = Extensions;
			sourceTree = "<group>";
		};
		C9A8A21F2277DF3000EB3FBC /* Container */ = {
			isa = PBXGroup;
			children = (
				C9A8A2062272ECEC00EB3FBC /* Container.swift */,
				C9A8A2042272ECEC00EB3FBC /* ContainerPool.swift */,
			);
			path = Container;
			sourceTree = "<group>";
		};
		C9A8A2202277DF3E00EB3FBC /* FileReader */ = {
			isa = PBXGroup;
			children = (
				C9A8A2142277DF1300EB3FBC /* FileStreamReadable.swift */,
				C9A8A2162277DF1300EB3FBC /* FileReader.swift */,
				CE2D62C62282C9940078D2C5 /* MediaFileReadable.swift */,
				CE2D62C82282CB9B0078D2C5 /* Mpeg4FileReader */,
			);
			path = FileReader;
			sourceTree = "<group>";
		};
		C9A8A2212277DF6000EB3FBC /* VideoFrameReader */ = {
			isa = PBXGroup;
			children = (
				CEF94B93226E9E84006B7528 /* VideoFrameReadable.swift */,
			);
			path = VideoFrameReader;
			sourceTree = "<group>";
		};
		C9A8A2222277DF6E00EB3FBC /* VideoFrameDecoder */ = {
			isa = PBXGroup;
			children = (
				C9C28ED022915D3700337CC7 /* M3U8Decoder */,
				CEF94B95226EB7D9006B7528 /* H264Decoder.swift */,
				CEF94B99226ED513006B7528 /* AvccDecoder.swift */,
				CEF94B9B226EDE78006B7528 /* MultiMediaVideoTypeDecoderDelegate.swift */,
				CE2D62D5228B9C180078D2C5 /* TSDecoder.swift */,
			);
			path = VideoFrameDecoder;
			sourceTree = "<group>";
		};
		C9C28ED022915D3700337CC7 /* M3U8Decoder */ = {
			isa = PBXGroup;
			children = (
				C9C28ECE22915D3200337CC7 /* M3U8Decoder.swift */,
				C9C28ED122915DA900337CC7 /* MasterPlaylist.swift */,
				C9C28ED3229192EB00337CC7 /* MediaPlaylist.swift */,
				C97E79522291C5B2002E081C /* MediaSegment.swift */,
			);
			path = M3U8Decoder;
			sourceTree = "<group>";
		};
		CE2D62C02282BEEA0078D2C5 /* Playable */ = {
			isa = PBXGroup;
			children = (
				C91E440E22830C7000435465 /* Playable.swift */,
				CE2D62C52282BF3D0078D2C5 /* MPEG4 */,
			);
			path = Playable;
			sourceTree = "<group>";
		};
		CE2D62C52282BF3D0078D2C5 /* MPEG4 */ = {
			isa = PBXGroup;
			children = (
				CE2D62C12282BF120078D2C5 /* Mpeg4File.swift */,
			);
			path = MPEG4;
			sourceTree = "<group>";
		};
		CE2D62C82282CB9B0078D2C5 /* Mpeg4FileReader */ = {
			isa = PBXGroup;
			children = (
				C9A8A2152277DF1300EB3FBC /* Mpeg4Parser.swift */,
			);
			path = Mpeg4FileReader;
			sourceTree = "<group>";
		};
		CE2D62C92282D4820078D2C5 /* Player */ = {
			isa = PBXGroup;
			children = (
				C91E44292283E29000435465 /* AudioPlayer */,
				CE2D62CC2282D4BC0078D2C5 /* MediaPlayable.swift */,
				CE2D62CB2282D4930078D2C5 /* VideoPlayer */,
				C91E442C2285E13100435465 /* MediaMixer.swift */,
				C91E44312286AF1800435465 /* AudioStreamer.swift */,
				C91E44332286B95000435465 /* DisplayLinkedQueue.swift */,
			);
			path = Player;
			sourceTree = "<group>";
		};
		CE2D62CB2282D4930078D2C5 /* VideoPlayer */ = {
			isa = PBXGroup;
			children = (
				CE2D62D3228572BF0078D2C5 /* MoviePlayer.swift */,
			);
			path = VideoPlayer;
			sourceTree = "<group>";
		};
		CEF94B75226E8F7D006B7528 = {
			isa = PBXGroup;
			children = (
				C91E43FC2281E12D00435465 /* ten.mp4 */,
				C91E43FA2281DE4000435465 /* you.mp4 */,
				CEF94BD1227ADED5006B7528 /* ma.mp4 */,
				C9A8A22A2278B0E900EB3FBC /* walk.mp4 */,
				C9A8A2282278ADD500EB3FBC /* coffee.mp4 */,
				C9A8A2262278183A00EB3FBC /* te.mp4 */,
				C9A8A2242277E1F800EB3FBC /* firewerk.mp4 */,
				CEF94BA8226FE9B4006B7528 /* animation.h264 */,
				CEF94B80226E8F7D006B7528 /* CustomPlayer */,
				CEF94B7F226E8F7D006B7528 /* Products */,
			);
			sourceTree = "<group>";
		};
		CEF94B7F226E8F7D006B7528 /* Products */ = {
			isa = PBXGroup;
			children = (
				CEF94B7E226E8F7D006B7528 /* CustomPlayer.app */,
			);
			name = Products;
			sourceTree = "<group>";
		};
		CEF94B80226E8F7D006B7528 /* CustomPlayer */ = {
			isa = PBXGroup;
			children = (
				CEFE47C222923E1E006D6AFE /* Network */,
				CE2D62C92282D4820078D2C5 /* Player */,
				CE2D62C02282BEEA0078D2C5 /* Playable */,
				CEF94BD4227AEDAB006B7528 /* PlayerController */,
				CEF94BCF227AD2EC006B7528 /* Decoder */,
				C9A8A2212277DF6000EB3FBC /* VideoFrameReader */,
				C9A8A2202277DF3E00EB3FBC /* FileReader */,
				C9A8A21F2277DF3000EB3FBC /* Container */,
				C9A8A21E2277DF2400EB3FBC /* Extensions */,
				C9A8A2122277DF0500EB3FBC /* Models.swift */,
				CEF94B81226E8F7D006B7528 /* AppDelegate.swift */,
				CEF94B83226E8F7D006B7528 /* PlayerViewContoller.swift */,
				CEF94B88226E8F7F006B7528 /* Assets.xcassets */,
				CEF94B8A226E8F7F006B7528 /* LaunchScreen.storyboard */,
				CEF94B8D226E8F7F006B7528 /* Info.plist */,
			);
			path = CustomPlayer;
			sourceTree = "<group>";
		};
		CEF94BCF227AD2EC006B7528 /* Decoder */ = {
			isa = PBXGroup;
			children = (
				CEF94BDD227BCD2D006B7528 /* Models */,
				CEF94BDC227BCC71006B7528 /* TrackDecodable */,
				CEF94BD0227AD326006B7528 /* AudioFrameDecoder */,
				C9A8A2222277DF6E00EB3FBC /* VideoFrameDecoder */,
			);
			path = Decoder;
			sourceTree = "<group>";
		};
		CEF94BD0227AD326006B7528 /* AudioFrameDecoder */ = {
			isa = PBXGroup;
			children = (
				CEF94BCD227AD2E0006B7528 /* AAC_ADTSDecoder.swift */,
			);
			path = AudioFrameDecoder;
			sourceTree = "<group>";
		};
		CEF94BD3227AED5D006B7528 /* CustomizedPlayerView */ = {
			isa = PBXGroup;
			children = (
				CEF94BD8227AEE9C006B7528 /* CustomizedPlayerView.swift */,
			);
			path = CustomizedPlayerView;
			sourceTree = "<group>";
		};
		CEF94BD4227AEDAB006B7528 /* PlayerController */ = {
			isa = PBXGroup;
			children = (
				C91E442E2286815800435465 /* StreamPlayerView */,
				CEF94BD5227AEDBC006B7528 /* CustomizedPlayerLayer */,
				CEF94BD3227AED5D006B7528 /* CustomizedPlayerView */,
			);
			path = PlayerController;
			sourceTree = "<group>";
		};
		CEF94BD5227AEDBC006B7528 /* CustomizedPlayerLayer */ = {
			isa = PBXGroup;
			children = (
				CEF94BD6227AEDD4006B7528 /* CustomizedPlayerLayer.swift */,
			);
			path = CustomizedPlayerLayer;
			sourceTree = "<group>";
		};
		CEF94BDC227BCC71006B7528 /* TrackDecodable */ = {
			isa = PBXGroup;
			children = (
				CEF94BDA227BCC66006B7528 /* TrackDecodable.swift */,
			);
			path = TrackDecodable;
			sourceTree = "<group>";
		};
		CEF94BDD227BCD2D006B7528 /* Models */ = {
			isa = PBXGroup;
			children = (
				CEF94BDE227BCD38006B7528 /* DecodeModels.swift */,
			);
			path = Models;
			sourceTree = "<group>";
		};
		CEFE47C222923E1E006D6AFE /* Network */ = {
			isa = PBXGroup;
			children = (
				CEFE47C32292416E006D6AFE /* HTTPConnetion.swift */,
				CEFE47C5229242B3006D6AFE /* URLResponse+.swift */,
				CEFE47C7229242EB006D6AFE /* NetworkError.swift */,
			);
			path = Network;
			sourceTree = "<group>";
		};
/* End PBXGroup section */

/* Begin PBXNativeTarget section */
		CEF94B7D226E8F7D006B7528 /* CustomPlayer */ = {
			isa = PBXNativeTarget;
			buildConfigurationList = CEF94B90226E8F7F006B7528 /* Build configuration list for PBXNativeTarget "CustomPlayer" */;
			buildPhases = (
				CEF94B7A226E8F7D006B7528 /* Sources */,
				CEF94B7B226E8F7D006B7528 /* Frameworks */,
				CEF94B7C226E8F7D006B7528 /* Resources */,
			);
			buildRules = (
			);
			dependencies = (
			);
			name = CustomPlayer;
			productName = H264Player;
			productReference = CEF94B7E226E8F7D006B7528 /* CustomPlayer.app */;
			productType = "com.apple.product-type.application";
		};
/* End PBXNativeTarget section */

/* Begin PBXProject section */
		CEF94B76226E8F7D006B7528 /* Project object */ = {
			isa = PBXProject;
			attributes = {
				LastSwiftUpdateCheck = 1020;
				LastUpgradeCheck = 1020;
				ORGANIZATIONNAME = USER;
				TargetAttributes = {
					CEF94B7D226E8F7D006B7528 = {
						CreatedOnToolsVersion = 10.2.1;
					};
				};
			};
			buildConfigurationList = CEF94B79226E8F7D006B7528 /* Build configuration list for PBXProject "CustomPlayer" */;
			compatibilityVersion = "Xcode 9.3";
			developmentRegion = en;
			hasScannedForEncodings = 0;
			knownRegions = (
				en,
				Base,
			);
			mainGroup = CEF94B75226E8F7D006B7528;
			productRefGroup = CEF94B7F226E8F7D006B7528 /* Products */;
			projectDirPath = "";
			projectRoot = "";
			targets = (
				CEF94B7D226E8F7D006B7528 /* CustomPlayer */,
			);
		};
/* End PBXProject section */

/* Begin PBXResourcesBuildPhase section */
		CEF94B7C226E8F7D006B7528 /* Resources */ = {
			isa = PBXResourcesBuildPhase;
			buildActionMask = 2147483647;
			files = (
				C91E43FD2281E12D00435465 /* ten.mp4 in Resources */,
				C91E43FB2281DE4000435465 /* you.mp4 in Resources */,
				CEF94BD2227ADED5006B7528 /* ma.mp4 in Resources */,
				C9A8A22B2278B0E900EB3FBC /* walk.mp4 in Resources */,
				C9A8A2292278ADD500EB3FBC /* coffee.mp4 in Resources */,
				C9A8A2272278183A00EB3FBC /* te.mp4 in Resources */,
				C9A8A2252277E1F800EB3FBC /* firewerk.mp4 in Resources */,
				CEF94B8C226E8F7F006B7528 /* LaunchScreen.storyboard in Resources */,
				CEF94B89226E8F7F006B7528 /* Assets.xcassets in Resources */,
			);
			runOnlyForDeploymentPostprocessing = 0;
		};
/* End PBXResourcesBuildPhase section */

/* Begin PBXSourcesBuildPhase section */
		CEF94B7A226E8F7D006B7528 /* Sources */ = {
			isa = PBXSourcesBuildPhase;
			buildActionMask = 2147483647;
			files = (
				C9C28ED4229192EB00337CC7 /* MediaPlaylist.swift in Sources */,
				C9A8A21D2277DF1400EB3FBC /* Extenstions.swift in Sources */,
				C9A8A2132277DF0500EB3FBC /* Models.swift in Sources */,
				C91E44322286AF1800435465 /* AudioStreamer.swift in Sources */,
				C97E79532291C5B2002E081C /* MediaSegment.swift in Sources */,
				CEFE47C6229242B3006D6AFE /* URLResponse+.swift in Sources */,
				C9C28ECF22915D3200337CC7 /* M3U8Decoder.swift in Sources */,
				CEF94B84226E8F7D006B7528 /* PlayerViewContoller.swift in Sources */,
				C9A8A21B2277DF1400EB3FBC /* FileReader.swift in Sources */,
				CEF94B94226E9E84006B7528 /* VideoFrameReadable.swift in Sources */,
				C9A8A2192277DF1400EB3FBC /* FileStreamReadable.swift in Sources */,
				CEFE47C42292416E006D6AFE /* HTTPConnetion.swift in Sources */,
				C9C28ED222915DA900337CC7 /* MasterPlaylist.swift in Sources */,
				C91E441122833A7600435465 /* AudioPlayer.swift in Sources */,
				CEF94B9A226ED513006B7528 /* AvccDecoder.swift in Sources */,
				CE2D62D4228572BF0078D2C5 /* MoviePlayer.swift in Sources */,
				CE2D62C72282C9940078D2C5 /* MediaFileReadable.swift in Sources */,
				CEF94BD7227AEDD4006B7528 /* CustomizedPlayerLayer.swift in Sources */,
				C9A8A2072272ECEC00EB3FBC /* ContainerPool.swift in Sources */,
				CE2D62D6228B9C180078D2C5 /* TSDecoder.swift in Sources */,
				C9A8A21A2277DF1400EB3FBC /* Mpeg4Parser.swift in Sources */,
				CEF94BD9227AEE9C006B7528 /* CustomizedPlayerView.swift in Sources */,
				CE2D62C22282BF120078D2C5 /* Mpeg4File.swift in Sources */,
				CE2D62CD2282D4BC0078D2C5 /* MediaPlayable.swift in Sources */,
				C91E44342286B95000435465 /* DisplayLinkedQueue.swift in Sources */,
				CEF94B9C226EDE78006B7528 /* MultiMediaVideoTypeDecoderDelegate.swift in Sources */,
				C91E442D2285E13100435465 /* MediaMixer.swift in Sources */,
				C91E440F22830C7000435465 /* Playable.swift in Sources */,
				C9A8A2092272ECEC00EB3FBC /* Container.swift in Sources */,
				CEF94BCE227AD2E0006B7528 /* AAC_ADTSDecoder.swift in Sources */,
				C91E4430228681CA00435465 /* StreamPlayerView.swift in Sources */,
				CEF94BDF227BCD38006B7528 /* DecodeModels.swift in Sources */,
				CEF94BDB227BCC66006B7528 /* TrackDecodable.swift in Sources */,
				CEFE47C8229242EB006D6AFE /* NetworkError.swift in Sources */,
				CEF94B96226EB7D9006B7528 /* H264Decoder.swift in Sources */,
				CEF94B82226E8F7D006B7528 /* AppDelegate.swift in Sources */,
			);
			runOnlyForDeploymentPostprocessing = 0;
		};
/* End PBXSourcesBuildPhase section */

/* Begin PBXVariantGroup section */
		CEF94B8A226E8F7F006B7528 /* LaunchScreen.storyboard */ = {
			isa = PBXVariantGroup;
			children = (
				CEF94B8B226E8F7F006B7528 /* Base */,
			);
			name = LaunchScreen.storyboard;
			sourceTree = "<group>";
		};
/* End PBXVariantGroup section */

/* Begin XCBuildConfiguration section */
		CEF94B8E226E8F7F006B7528 /* Debug */ = {
			isa = XCBuildConfiguration;
			buildSettings = {
				ALWAYS_SEARCH_USER_PATHS = NO;
				CLANG_ANALYZER_NONNULL = YES;
				CLANG_ANALYZER_NUMBER_OBJECT_CONVERSION = YES_AGGRESSIVE;
				CLANG_CXX_LANGUAGE_STANDARD = "gnu++14";
				CLANG_CXX_LIBRARY = "libc++";
				CLANG_ENABLE_MODULES = YES;
				CLANG_ENABLE_OBJC_ARC = YES;
				CLANG_ENABLE_OBJC_WEAK = YES;
				CLANG_WARN_BLOCK_CAPTURE_AUTORELEASING = YES;
				CLANG_WARN_BOOL_CONVERSION = YES;
				CLANG_WARN_COMMA = YES;
				CLANG_WARN_CONSTANT_CONVERSION = YES;
				CLANG_WARN_DEPRECATED_OBJC_IMPLEMENTATIONS = YES;
				CLANG_WARN_DIRECT_OBJC_ISA_USAGE = YES_ERROR;
				CLANG_WARN_DOCUMENTATION_COMMENTS = YES;
				CLANG_WARN_EMPTY_BODY = YES;
				CLANG_WARN_ENUM_CONVERSION = YES;
				CLANG_WARN_INFINITE_RECURSION = YES;
				CLANG_WARN_INT_CONVERSION = YES;
				CLANG_WARN_NON_LITERAL_NULL_CONVERSION = YES;
				CLANG_WARN_OBJC_IMPLICIT_RETAIN_SELF = YES;
				CLANG_WARN_OBJC_LITERAL_CONVERSION = YES;
				CLANG_WARN_OBJC_ROOT_CLASS = YES_ERROR;
				CLANG_WARN_RANGE_LOOP_ANALYSIS = YES;
				CLANG_WARN_STRICT_PROTOTYPES = YES;
				CLANG_WARN_SUSPICIOUS_MOVE = YES;
				CLANG_WARN_UNGUARDED_AVAILABILITY = YES_AGGRESSIVE;
				CLANG_WARN_UNREACHABLE_CODE = YES;
				CLANG_WARN__DUPLICATE_METHOD_MATCH = YES;
				CODE_SIGN_IDENTITY = "iPhone Developer";
				COPY_PHASE_STRIP = NO;
				DEBUG_INFORMATION_FORMAT = dwarf;
				ENABLE_STRICT_OBJC_MSGSEND = YES;
				ENABLE_TESTABILITY = YES;
				GCC_C_LANGUAGE_STANDARD = gnu11;
				GCC_DYNAMIC_NO_PIC = NO;
				GCC_NO_COMMON_BLOCKS = YES;
				GCC_OPTIMIZATION_LEVEL = 0;
				GCC_PREPROCESSOR_DEFINITIONS = (
					"DEBUG=1",
					"$(inherited)",
				);
				GCC_WARN_64_TO_32_BIT_CONVERSION = YES;
				GCC_WARN_ABOUT_RETURN_TYPE = YES_ERROR;
				GCC_WARN_UNDECLARED_SELECTOR = YES;
				GCC_WARN_UNINITIALIZED_AUTOS = YES_AGGRESSIVE;
				GCC_WARN_UNUSED_FUNCTION = YES;
				GCC_WARN_UNUSED_VARIABLE = YES;
				IPHONEOS_DEPLOYMENT_TARGET = 12.2;
				MTL_ENABLE_DEBUG_INFO = INCLUDE_SOURCE;
				MTL_FAST_MATH = YES;
				ONLY_ACTIVE_ARCH = YES;
				SDKROOT = iphoneos;
				SWIFT_ACTIVE_COMPILATION_CONDITIONS = DEBUG;
				SWIFT_OPTIMIZATION_LEVEL = "-Onone";
			};
			name = Debug;
		};
		CEF94B8F226E8F7F006B7528 /* Release */ = {
			isa = XCBuildConfiguration;
			buildSettings = {
				ALWAYS_SEARCH_USER_PATHS = NO;
				CLANG_ANALYZER_NONNULL = YES;
				CLANG_ANALYZER_NUMBER_OBJECT_CONVERSION = YES_AGGRESSIVE;
				CLANG_CXX_LANGUAGE_STANDARD = "gnu++14";
				CLANG_CXX_LIBRARY = "libc++";
				CLANG_ENABLE_MODULES = YES;
				CLANG_ENABLE_OBJC_ARC = YES;
				CLANG_ENABLE_OBJC_WEAK = YES;
				CLANG_WARN_BLOCK_CAPTURE_AUTORELEASING = YES;
				CLANG_WARN_BOOL_CONVERSION = YES;
				CLANG_WARN_COMMA = YES;
				CLANG_WARN_CONSTANT_CONVERSION = YES;
				CLANG_WARN_DEPRECATED_OBJC_IMPLEMENTATIONS = YES;
				CLANG_WARN_DIRECT_OBJC_ISA_USAGE = YES_ERROR;
				CLANG_WARN_DOCUMENTATION_COMMENTS = YES;
				CLANG_WARN_EMPTY_BODY = YES;
				CLANG_WARN_ENUM_CONVERSION = YES;
				CLANG_WARN_INFINITE_RECURSION = YES;
				CLANG_WARN_INT_CONVERSION = YES;
				CLANG_WARN_NON_LITERAL_NULL_CONVERSION = YES;
				CLANG_WARN_OBJC_IMPLICIT_RETAIN_SELF = YES;
				CLANG_WARN_OBJC_LITERAL_CONVERSION = YES;
				CLANG_WARN_OBJC_ROOT_CLASS = YES_ERROR;
				CLANG_WARN_RANGE_LOOP_ANALYSIS = YES;
				CLANG_WARN_STRICT_PROTOTYPES = YES;
				CLANG_WARN_SUSPICIOUS_MOVE = YES;
				CLANG_WARN_UNGUARDED_AVAILABILITY = YES_AGGRESSIVE;
				CLANG_WARN_UNREACHABLE_CODE = YES;
				CLANG_WARN__DUPLICATE_METHOD_MATCH = YES;
				CODE_SIGN_IDENTITY = "iPhone Developer";
				COPY_PHASE_STRIP = NO;
				DEBUG_INFORMATION_FORMAT = "dwarf-with-dsym";
				ENABLE_NS_ASSERTIONS = NO;
				ENABLE_STRICT_OBJC_MSGSEND = YES;
				GCC_C_LANGUAGE_STANDARD = gnu11;
				GCC_NO_COMMON_BLOCKS = YES;
				GCC_WARN_64_TO_32_BIT_CONVERSION = YES;
				GCC_WARN_ABOUT_RETURN_TYPE = YES_ERROR;
				GCC_WARN_UNDECLARED_SELECTOR = YES;
				GCC_WARN_UNINITIALIZED_AUTOS = YES_AGGRESSIVE;
				GCC_WARN_UNUSED_FUNCTION = YES;
				GCC_WARN_UNUSED_VARIABLE = YES;
				IPHONEOS_DEPLOYMENT_TARGET = 12.2;
				MTL_ENABLE_DEBUG_INFO = NO;
				MTL_FAST_MATH = YES;
				SDKROOT = iphoneos;
				SWIFT_COMPILATION_MODE = wholemodule;
				SWIFT_OPTIMIZATION_LEVEL = "-O";
				VALIDATE_PRODUCT = YES;
			};
			name = Release;
		};
		CEF94B91226E8F7F006B7528 /* Debug */ = {
			isa = XCBuildConfiguration;
			buildSettings = {
				ASSETCATALOG_COMPILER_APPICON_NAME = AppIcon;
				CODE_SIGN_STYLE = Automatic;
				DEVELOPMENT_TEAM = CMXKRM464P;
				INFOPLIST_FILE = CustomPlayer/Info.plist;
				LD_RUNPATH_SEARCH_PATHS = (
					"$(inherited)",
					"@executable_path/Frameworks",
				);
				PRODUCT_BUNDLE_IDENTIFIER = NAVER.CustomPlayer;
				PRODUCT_NAME = "$(TARGET_NAME)";
				SWIFT_VERSION = 5.0;
				TARGETED_DEVICE_FAMILY = "1,2";
			};
			name = Debug;
		};
		CEF94B92226E8F7F006B7528 /* Release */ = {
			isa = XCBuildConfiguration;
			buildSettings = {
				ASSETCATALOG_COMPILER_APPICON_NAME = AppIcon;
				CODE_SIGN_STYLE = Automatic;
				DEVELOPMENT_TEAM = CMXKRM464P;
				INFOPLIST_FILE = CustomPlayer/Info.plist;
				LD_RUNPATH_SEARCH_PATHS = (
					"$(inherited)",
					"@executable_path/Frameworks",
				);
				PRODUCT_BUNDLE_IDENTIFIER = NAVER.CustomPlayer;
				PRODUCT_NAME = "$(TARGET_NAME)";
				SWIFT_VERSION = 5.0;
				TARGETED_DEVICE_FAMILY = "1,2";
			};
			name = Release;
		};
/* End XCBuildConfiguration section */

/* Begin XCConfigurationList section */
		CEF94B79226E8F7D006B7528 /* Build configuration list for PBXProject "CustomPlayer" */ = {
			isa = XCConfigurationList;
			buildConfigurations = (
				CEF94B8E226E8F7F006B7528 /* Debug */,
				CEF94B8F226E8F7F006B7528 /* Release */,
			);
			defaultConfigurationIsVisible = 0;
			defaultConfigurationName = Release;
		};
		CEF94B90226E8F7F006B7528 /* Build configuration list for PBXNativeTarget "CustomPlayer" */ = {
			isa = XCConfigurationList;
			buildConfigurations = (
				CEF94B91226E8F7F006B7528 /* Debug */,
				CEF94B92226E8F7F006B7528 /* Release */,
			);
			defaultConfigurationIsVisible = 0;
			defaultConfigurationName = Release;
		};
/* End XCConfigurationList section */
	};
	rootObject = CEF94B76226E8F7D006B7528 /* Project object */;
}
