// !$*UTF8*$!
{
	archiveVersion = 1;
	classes = {
	};
	objectVersion = 50;
	objects = {

/* Begin PBXBuildFile section */
		0BCF3FED2C7FF1A8FD3669CCBD12BF39 /* AppDelegate.swift in Sources */ = {isa = PBXBuildFile; fileRef = C92804AB39FCB321CCC9EA48ED511377 /* AppDelegate.swift */; };
		0FFF660B2937A3284136AD6E0FDCF1F9 /* LaunchScreen.storyboard in Resources */ = {isa = PBXBuildFile; fileRef = 03778A3FA1C52BCB67834A94C40D66C1 /* LaunchScreen.storyboard */; };
		2646F5EDB9E6EBC784FB22FD2142DFA8 /* Playable.swift in Sources */ = {isa = PBXBuildFile; fileRef = E689DE37FB84441EC9ED4E068C6D9205 /* Playable.swift */; };
		266F56200DEEF059B5B5BB8C9230D511 /* coffee.mp4 in Resources */ = {isa = PBXBuildFile; fileRef = 148D8FE616DF0F1F7977CB5E8DB63D69 /* coffee.mp4 */; };
		279EAB0E98488BDFC9BDE969E273D82C /* Extenstions.swift in Sources */ = {isa = PBXBuildFile; fileRef = D4879ECC71A6A88E91416106539FB98A /* Extenstions.swift */; };
		3D4C0256E44FB978D751F621D1C8D31F /* MediaMixer.swift in Sources */ = {isa = PBXBuildFile; fileRef = 1C6611024203918BFB2202C8E5822518 /* MediaMixer.swift */; };
		413FF81E4E35DDFE258814668C03A0F6 /* TrackDecodable.swift in Sources */ = {isa = PBXBuildFile; fileRef = 01BA39E6CC62E728DD7D73BDF2509BEA /* TrackDecodable.swift */; };
		50541FB277713A2C47C571E779B0FC45 /* MediaPlayable.swift in Sources */ = {isa = PBXBuildFile; fileRef = A78D1983E0DA09D942EB4981625D1904 /* MediaPlayable.swift */; };
		580EE78E8312D2B6AAB0C50446C9123D /* FileStreamReadable.swift in Sources */ = {isa = PBXBuildFile; fileRef = 5D19D95CB95D54FA247A9CB5F1F5FA6E /* FileStreamReadable.swift */; };
		5BBE68F3A5A77C13ED5F58BEDB9017A2 /* VideoFrameReadable.swift in Sources */ = {isa = PBXBuildFile; fileRef = 4D81A06A514E86906093FFEFF1E34CEF /* VideoFrameReadable.swift */; };
		60985D23C586619178C0190E7520D56D /* DecodeModels.swift in Sources */ = {isa = PBXBuildFile; fileRef = EDB2D4A5261E6C1CF35A8AA54DB53A3B /* DecodeModels.swift */; };
		6B2ABD4C59A02CC9704463541326361C /* AAC_ADTSDecoder.swift in Sources */ = {isa = PBXBuildFile; fileRef = 4E2D9639B4B2F271DE112659192C7FF6 /* AAC_ADTSDecoder.swift */; };
		6E055A2EEAD2C4C324F525E96C24D299 /* MultiMediaVideoTypeDecoderDelegate.swift in Sources */ = {isa = PBXBuildFile; fileRef = 606198D4348CABB315721E3850AF85E1 /* MultiMediaVideoTypeDecoderDelegate.swift */; };
		6EB2592DA23A402E967A2F6172159693 /* CustomizedPlayerLayer.swift in Sources */ = {isa = PBXBuildFile; fileRef = 8D21B768F10E91C3AC2C8E8CDF09D0C9 /* CustomizedPlayerLayer.swift */; };
		6F969C368B1D3E1468B73B5F5CC54DC8 /* you.mp4 in Resources */ = {isa = PBXBuildFile; fileRef = E4EA1C5BD82B0BC007057E9445C4DA89 /* you.mp4 */; };
		844AF862B99481A1C83AD30AD9F88F26 /* te.mp4 in Resources */ = {isa = PBXBuildFile; fileRef = 3CFCA029E9D88553C8ED676988097BCA /* te.mp4 */; };
		8813D0F69A0164E860A603CEE6C55F47 /* ten.mp4 in Resources */ = {isa = PBXBuildFile; fileRef = 8B126BED7C02E35BBD1209690A86870D /* ten.mp4 */; };
		8B4398BA85AF3F73D100F4CD2D911ED1 /* MoviePlayer.swift in Sources */ = {isa = PBXBuildFile; fileRef = 6A86E1B9B50A77F5A4F69E62BB10C93E /* MoviePlayer.swift */; };
		9533E8E475B932326D2302B642F54A9E /* FileReader.swift in Sources */ = {isa = PBXBuildFile; fileRef = 4C5BB2211144BFDC880C60295DB1E002 /* FileReader.swift */; };
		980E6E842943B858BF7CD102E344EF92 /* ma.mp4 in Resources */ = {isa = PBXBuildFile; fileRef = 1DC8227D42620271EC04FAF67DF98BF4 /* ma.mp4 */; };
		992BD6E993E3D533CBD3EF76D94CAAEF /* ContainerPool.swift in Sources */ = {isa = PBXBuildFile; fileRef = 92D15C9EAAD46A76C43BF466A0E5F281 /* ContainerPool.swift */; };
		A00A5DA2568148D5F0D9C63A993F77E8 /* PlayerViewContoller.swift in Sources */ = {isa = PBXBuildFile; fileRef = 79A3E4B0B576CE90D5F671E668861EB6 /* PlayerViewContoller.swift */; };
		A3722CAEE8BF0BE6214C5006D701E618 /* MediaFileReadable.swift in Sources */ = {isa = PBXBuildFile; fileRef = A0D39D13B5B082DBEFF7F5DECEAD138B /* MediaFileReadable.swift */; };
		A525E725EB4E44F6387A21093F177194 /* Mpeg4File.swift in Sources */ = {isa = PBXBuildFile; fileRef = 0FA57BA08DB611E9686FDD389139B130 /* Mpeg4File.swift */; };
		A94B6CF3D350A471AE6552A1412021AD /* firewerk.mp4 in Resources */ = {isa = PBXBuildFile; fileRef = A10B1D35042488609CA88BF254BF2CD8 /* firewerk.mp4 */; };
		CF911D1E2CEE7F496627F23653DB04D4 /* AvccDecoder.swift in Sources */ = {isa = PBXBuildFile; fileRef = A9B71B72B464D41AE10D9F9DA934FC38 /* AvccDecoder.swift */; };
		D3833DC67507255D72291AE58B3A3E26 /* AudioPlayer.swift in Sources */ = {isa = PBXBuildFile; fileRef = 0FBD3660CFF7D21FED67CBDB1BE5E992 /* AudioPlayer.swift */; };
		DD533B79D21CC0D6719AC004CB564C0A /* Mpeg4Parser.swift in Sources */ = {isa = PBXBuildFile; fileRef = 4EF2662ACF1C8DE338831400B35B6C26 /* Mpeg4Parser.swift */; };
		E5867F235D3DD46E645C3144A170B4CD /* Assets.xcassets in Resources */ = {isa = PBXBuildFile; fileRef = E3CEAFA3D56ADB54D9B1125EA939EEAE /* Assets.xcassets */; };
		E65C5EF66757C73067E3F27BC021B719 /* Models.swift in Sources */ = {isa = PBXBuildFile; fileRef = BA616F5AF0A4C9B019A0C32B66BD67D9 /* Models.swift */; };
		EBA12A95EEADCD063FE3E1C1A9833655 /* CustomizedPlayer.swift in Sources */ = {isa = PBXBuildFile; fileRef = 635BA8B8C8AF26BF0C87D9F9CBD3B1C4 /* CustomizedPlayer.swift */; };
		F4CEC1B90029191368F50A4CD0A8091C /* Container.swift in Sources */ = {isa = PBXBuildFile; fileRef = 8CEA199C95ECC884BB59C33764BD006F /* Container.swift */; };
		FAF2E1B9680BFC778218B1F6C7B877A8 /* H264Decoder.swift in Sources */ = {isa = PBXBuildFile; fileRef = 52889154B3043E2D2B716B08DA82A8CE /* H264Decoder.swift */; };
		FD618859A60714358E19FC60725C21E3 /* walk.mp4 in Resources */ = {isa = PBXBuildFile; fileRef = 4451419D6B360D648687394CDC09D3E3 /* walk.mp4 */; };
/* End PBXBuildFile section */

/* Begin PBXFileReference section */
		01BA39E6CC62E728DD7D73BDF2509BEA /* TrackDecodable.swift */ = {isa = PBXFileReference; lastKnownFileType = sourcecode.swift; path = TrackDecodable.swift; sourceTree = "<group>"; };
		0FA57BA08DB611E9686FDD389139B130 /* Mpeg4File.swift */ = {isa = PBXFileReference; lastKnownFileType = sourcecode.swift; path = Mpeg4File.swift; sourceTree = "<group>"; };
		0FBD3660CFF7D21FED67CBDB1BE5E992 /* AudioPlayer.swift */ = {isa = PBXFileReference; fileEncoding = 4; lastKnownFileType = sourcecode.swift; path = AudioPlayer.swift; sourceTree = "<group>"; };
		1432C2CEC4DBEE56A3437B15385BE301 /* Base */ = {isa = PBXFileReference; lastKnownFileType = file.storyboard; name = Base; path = Base.lproj/LaunchScreen.storyboard; sourceTree = "<group>"; };
		148D8FE616DF0F1F7977CB5E8DB63D69 /* coffee.mp4 */ = {isa = PBXFileReference; lastKnownFileType = file; path = coffee.mp4; sourceTree = "<group>"; };
		1C6611024203918BFB2202C8E5822518 /* MediaMixer.swift */ = {isa = PBXFileReference; lastKnownFileType = sourcecode.swift; path = MediaMixer.swift; sourceTree = "<group>"; };
		1DC8227D42620271EC04FAF67DF98BF4 /* ma.mp4 */ = {isa = PBXFileReference; lastKnownFileType = file; path = ma.mp4; sourceTree = "<group>"; };
		37677265CA3F57816389FDBED447F405 /* Info.plist */ = {isa = PBXFileReference; lastKnownFileType = text.plist.xml; path = Info.plist; sourceTree = "<group>"; };
		3CFCA029E9D88553C8ED676988097BCA /* te.mp4 */ = {isa = PBXFileReference; lastKnownFileType = file; path = te.mp4; sourceTree = "<group>"; };
		4451419D6B360D648687394CDC09D3E3 /* walk.mp4 */ = {isa = PBXFileReference; lastKnownFileType = file; path = walk.mp4; sourceTree = "<group>"; };
		4C5BB2211144BFDC880C60295DB1E002 /* FileReader.swift */ = {isa = PBXFileReference; fileEncoding = 4; lastKnownFileType = sourcecode.swift; path = FileReader.swift; sourceTree = "<group>"; };
		4D81A06A514E86906093FFEFF1E34CEF /* VideoFrameReadable.swift */ = {isa = PBXFileReference; lastKnownFileType = sourcecode.swift; path = VideoFrameReadable.swift; sourceTree = "<group>"; };
		4E2D9639B4B2F271DE112659192C7FF6 /* AAC_ADTSDecoder.swift */ = {isa = PBXFileReference; lastKnownFileType = sourcecode.swift; path = AAC_ADTSDecoder.swift; sourceTree = "<group>"; };
		4EF2662ACF1C8DE338831400B35B6C26 /* Mpeg4Parser.swift */ = {isa = PBXFileReference; fileEncoding = 4; lastKnownFileType = sourcecode.swift; path = Mpeg4Parser.swift; sourceTree = "<group>"; };
		52889154B3043E2D2B716B08DA82A8CE /* H264Decoder.swift */ = {isa = PBXFileReference; lastKnownFileType = sourcecode.swift; path = H264Decoder.swift; sourceTree = "<group>"; };
		5D19D95CB95D54FA247A9CB5F1F5FA6E /* FileStreamReadable.swift */ = {isa = PBXFileReference; fileEncoding = 4; lastKnownFileType = sourcecode.swift; path = FileStreamReadable.swift; sourceTree = "<group>"; };
		606198D4348CABB315721E3850AF85E1 /* MultiMediaVideoTypeDecoderDelegate.swift */ = {isa = PBXFileReference; lastKnownFileType = sourcecode.swift; path = MultiMediaVideoTypeDecoderDelegate.swift; sourceTree = "<group>"; };
		635BA8B8C8AF26BF0C87D9F9CBD3B1C4 /* CustomizedPlayer.swift */ = {isa = PBXFileReference; lastKnownFileType = sourcecode.swift; path = CustomizedPlayer.swift; sourceTree = "<group>"; };
		6A86E1B9B50A77F5A4F69E62BB10C93E /* MoviePlayer.swift */ = {isa = PBXFileReference; lastKnownFileType = sourcecode.swift; path = MoviePlayer.swift; sourceTree = "<group>"; };
		79A3E4B0B576CE90D5F671E668861EB6 /* PlayerViewContoller.swift */ = {isa = PBXFileReference; lastKnownFileType = sourcecode.swift; path = PlayerViewContoller.swift; sourceTree = "<group>"; };
		8B126BED7C02E35BBD1209690A86870D /* ten.mp4 */ = {isa = PBXFileReference; lastKnownFileType = file; path = ten.mp4; sourceTree = "<group>"; };
		8CEA199C95ECC884BB59C33764BD006F /* Container.swift */ = {isa = PBXFileReference; fileEncoding = 4; lastKnownFileType = sourcecode.swift; path = Container.swift; sourceTree = "<group>"; };
		8D21B768F10E91C3AC2C8E8CDF09D0C9 /* CustomizedPlayerLayer.swift */ = {isa = PBXFileReference; lastKnownFileType = sourcecode.swift; path = CustomizedPlayerLayer.swift; sourceTree = "<group>"; };
		92D15C9EAAD46A76C43BF466A0E5F281 /* ContainerPool.swift */ = {isa = PBXFileReference; fileEncoding = 4; lastKnownFileType = sourcecode.swift; path = ContainerPool.swift; sourceTree = "<group>"; };
		A0D39D13B5B082DBEFF7F5DECEAD138B /* MediaFileReadable.swift */ = {isa = PBXFileReference; lastKnownFileType = sourcecode.swift; path = MediaFileReadable.swift; sourceTree = "<group>"; };
		A10B1D35042488609CA88BF254BF2CD8 /* firewerk.mp4 */ = {isa = PBXFileReference; lastKnownFileType = file; path = firewerk.mp4; sourceTree = "<group>"; };
		A78D1983E0DA09D942EB4981625D1904 /* MediaPlayable.swift */ = {isa = PBXFileReference; lastKnownFileType = sourcecode.swift; path = MediaPlayable.swift; sourceTree = "<group>"; };
		A9B71B72B464D41AE10D9F9DA934FC38 /* AvccDecoder.swift */ = {isa = PBXFileReference; lastKnownFileType = sourcecode.swift; path = AvccDecoder.swift; sourceTree = "<group>"; };
		BA616F5AF0A4C9B019A0C32B66BD67D9 /* Models.swift */ = {isa = PBXFileReference; fileEncoding = 4; lastKnownFileType = sourcecode.swift; path = Models.swift; sourceTree = "<group>"; };
		C3977478A3A3B1A0F92876907D9E4C85 /* animation.h264 */ = {isa = PBXFileReference; lastKnownFileType = file; name = animation.h264; path = H264Player/animation.h264; sourceTree = "<group>"; };
		C92804AB39FCB321CCC9EA48ED511377 /* AppDelegate.swift */ = {isa = PBXFileReference; lastKnownFileType = sourcecode.swift; path = AppDelegate.swift; sourceTree = "<group>"; };
		CDCAB4BDD4B27089B19D0CDB33CBB0ED /* CustomPlayer.app */ = {isa = PBXFileReference; explicitFileType = wrapper.application; includeInIndex = 0; path = CustomPlayer.app; sourceTree = BUILT_PRODUCTS_DIR; };
		D4879ECC71A6A88E91416106539FB98A /* Extenstions.swift */ = {isa = PBXFileReference; fileEncoding = 4; lastKnownFileType = sourcecode.swift; path = Extenstions.swift; sourceTree = "<group>"; };
		E3CEAFA3D56ADB54D9B1125EA939EEAE /* Assets.xcassets */ = {isa = PBXFileReference; lastKnownFileType = folder.assetcatalog; path = Assets.xcassets; sourceTree = "<group>"; };
		E4EA1C5BD82B0BC007057E9445C4DA89 /* you.mp4 */ = {isa = PBXFileReference; lastKnownFileType = file; path = you.mp4; sourceTree = "<group>"; };
		E689DE37FB84441EC9ED4E068C6D9205 /* Playable.swift */ = {isa = PBXFileReference; lastKnownFileType = sourcecode.swift; path = Playable.swift; sourceTree = "<group>"; };
		EDB2D4A5261E6C1CF35A8AA54DB53A3B /* DecodeModels.swift */ = {isa = PBXFileReference; lastKnownFileType = sourcecode.swift; path = DecodeModels.swift; sourceTree = "<group>"; };
/* End PBXFileReference section */

/* Begin PBXFrameworksBuildPhase section */
		39858575E0106FB0F7ACC320E061522A /* Frameworks */ = {
			isa = PBXFrameworksBuildPhase;
			buildActionMask = 2147483647;
			files = (
			);
			runOnlyForDeploymentPostprocessing = 0;
		};
/* End PBXFrameworksBuildPhase section */

/* Begin PBXGroup section */
		9C4865022A7E064A28FE7A4E574608CD /* AudioPlayer */ = {
			isa = PBXGroup;
			children = (
				0FBD3660CFF7D21FED67CBDB1BE5E992 /* AudioPlayer.swift */,
			);
			path = AudioPlayer;
			sourceTree = "<group>";
		};
		5CC7694E3A507C432C92B672EF018338 /* Extensions */ = {
			isa = PBXGroup;
			children = (
				D4879ECC71A6A88E91416106539FB98A /* Extenstions.swift */,
			);
			path = Extensions;
			sourceTree = "<group>";
		};
		6B14DC8BA945D0E0EFC507E3038EC8E0 /* Container */ = {
			isa = PBXGroup;
			children = (
				8CEA199C95ECC884BB59C33764BD006F /* Container.swift */,
				92D15C9EAAD46A76C43BF466A0E5F281 /* ContainerPool.swift */,
			);
			path = Container;
			sourceTree = "<group>";
		};
		C30EDD79445284F0D9FD547CC7A25FCF /* FileReader */ = {
			isa = PBXGroup;
			children = (
				6B053FEC4C47E8A94593326664AC4ADA /* Mpeg4FileReader */,
				4C5BB2211144BFDC880C60295DB1E002 /* FileReader.swift */,
				5D19D95CB95D54FA247A9CB5F1F5FA6E /* FileStreamReadable.swift */,
				A0D39D13B5B082DBEFF7F5DECEAD138B /* MediaFileReadable.swift */,
			);
			path = FileReader;
			sourceTree = "<group>";
		};
		D2C4189742222930864A888E93588E0C /* VideoFrameReader */ = {
			isa = PBXGroup;
			children = (
				4D81A06A514E86906093FFEFF1E34CEF /* VideoFrameReadable.swift */,
			);
			path = VideoFrameReader;
			sourceTree = "<group>";
		};
		D4E6F20BEAB741A60FCDD14CD4027195 /* VideoFrameDecoder */ = {
			isa = PBXGroup;
			children = (
				A9B71B72B464D41AE10D9F9DA934FC38 /* AvccDecoder.swift */,
				52889154B3043E2D2B716B08DA82A8CE /* H264Decoder.swift */,
				606198D4348CABB315721E3850AF85E1 /* MultiMediaVideoTypeDecoderDelegate.swift */,
			);
			path = VideoFrameDecoder;
			sourceTree = "<group>";
		};
		E6199300A57A6FDD6CC72D63C34AC4FB /* Playable */ = {
			isa = PBXGroup;
			children = (
				2F89D445806A0E582EB4DDF3A2840FC6 /* MPEG4 */,
				E689DE37FB84441EC9ED4E068C6D9205 /* Playable.swift */,
			);
			path = Playable;
			sourceTree = "<group>";
		};
		2F89D445806A0E582EB4DDF3A2840FC6 /* MPEG4 */ = {
			isa = PBXGroup;
			children = (
				0FA57BA08DB611E9686FDD389139B130 /* Mpeg4File.swift */,
			);
			path = MPEG4;
			sourceTree = "<group>";
		};
		6B053FEC4C47E8A94593326664AC4ADA /* Mpeg4FileReader */ = {
			isa = PBXGroup;
			children = (
				4EF2662ACF1C8DE338831400B35B6C26 /* Mpeg4Parser.swift */,
			);
			path = Mpeg4FileReader;
			sourceTree = "<group>";
		};
		35216D5221AB0E03826686525E5E101E /* Player */ = {
			isa = PBXGroup;
			children = (
				9C4865022A7E064A28FE7A4E574608CD /* AudioPlayer */,
				7F9F812CE2A5AAFEA34EC5DB0DA48FE6 /* VideoPlayer */,
				1C6611024203918BFB2202C8E5822518 /* MediaMixer.swift */,
				A78D1983E0DA09D942EB4981625D1904 /* MediaPlayable.swift */,
			);
			path = Player;
			sourceTree = "<group>";
		};
		7F9F812CE2A5AAFEA34EC5DB0DA48FE6 /* VideoPlayer */ = {
			isa = PBXGroup;
			children = (
				6A86E1B9B50A77F5A4F69E62BB10C93E /* MoviePlayer.swift */,
			);
			path = VideoPlayer;
			sourceTree = "<group>";
		};
		2B3B2E9EF3BD7218D18CACF0BE330033 = {
			isa = PBXGroup;
			children = (
				560B62FCB9CDF584E31575C35F0CFE7B /* CustomPlayer */,
				2ECE6FC422FF50A4A3E0D30888EA183D /* Products */,
				C3977478A3A3B1A0F92876907D9E4C85 /* animation.h264 */,
				148D8FE616DF0F1F7977CB5E8DB63D69 /* coffee.mp4 */,
				A10B1D35042488609CA88BF254BF2CD8 /* firewerk.mp4 */,
				1DC8227D42620271EC04FAF67DF98BF4 /* ma.mp4 */,
				3CFCA029E9D88553C8ED676988097BCA /* te.mp4 */,
				8B126BED7C02E35BBD1209690A86870D /* ten.mp4 */,
				4451419D6B360D648687394CDC09D3E3 /* walk.mp4 */,
				E4EA1C5BD82B0BC007057E9445C4DA89 /* you.mp4 */,
			);
			sourceTree = "<group>";
		};
		2ECE6FC422FF50A4A3E0D30888EA183D /* Products */ = {
			isa = PBXGroup;
			children = (
				CDCAB4BDD4B27089B19D0CDB33CBB0ED /* CustomPlayer.app */,
			);
			name = Products;
			sourceTree = "<group>";
		};
		560B62FCB9CDF584E31575C35F0CFE7B /* CustomPlayer */ = {
			isa = PBXGroup;
			children = (
				6B14DC8BA945D0E0EFC507E3038EC8E0 /* Container */,
				3E35E872032E7664BDC037B99EECC10A /* Decoder */,
				5CC7694E3A507C432C92B672EF018338 /* Extensions */,
				C30EDD79445284F0D9FD547CC7A25FCF /* FileReader */,
				E6199300A57A6FDD6CC72D63C34AC4FB /* Playable */,
				35216D5221AB0E03826686525E5E101E /* Player */,
				6BD31C800B6AC46706ECE9B33A45C4D5 /* PlayerController */,
				D2C4189742222930864A888E93588E0C /* VideoFrameReader */,
				C92804AB39FCB321CCC9EA48ED511377 /* AppDelegate.swift */,
				E3CEAFA3D56ADB54D9B1125EA939EEAE /* Assets.xcassets */,
				37677265CA3F57816389FDBED447F405 /* Info.plist */,
				03778A3FA1C52BCB67834A94C40D66C1 /* LaunchScreen.storyboard */,
				BA616F5AF0A4C9B019A0C32B66BD67D9 /* Models.swift */,
				79A3E4B0B576CE90D5F671E668861EB6 /* PlayerViewContoller.swift */,
			);
			path = CustomPlayer;
			sourceTree = "<group>";
		};
		3E35E872032E7664BDC037B99EECC10A /* Decoder */ = {
			isa = PBXGroup;
			children = (
				351F5F8DB819E33A2EE3CB592753A5BF /* AudioFrameDecoder */,
				620B19257CC2ADA644ADA15BDC62EE6E /* Models */,
				DC2F150F48FFC7AC0BC1EFF2B346309F /* TrackDecodable */,
				D4E6F20BEAB741A60FCDD14CD4027195 /* VideoFrameDecoder */,
			);
			path = Decoder;
			sourceTree = "<group>";
		};
		351F5F8DB819E33A2EE3CB592753A5BF /* AudioFrameDecoder */ = {
			isa = PBXGroup;
			children = (
				4E2D9639B4B2F271DE112659192C7FF6 /* AAC_ADTSDecoder.swift */,
			);
			path = AudioFrameDecoder;
			sourceTree = "<group>";
		};
		88D8CA9E60A6D841F7B8A610A9F07840 /* CustomizedPlayer */ = {
			isa = PBXGroup;
			children = (
				635BA8B8C8AF26BF0C87D9F9CBD3B1C4 /* CustomizedPlayer.swift */,
			);
			path = CustomizedPlayer;
			sourceTree = "<group>";
		};
		6BD31C800B6AC46706ECE9B33A45C4D5 /* PlayerController */ = {
			isa = PBXGroup;
			children = (
				88D8CA9E60A6D841F7B8A610A9F07840 /* CustomizedPlayer */,
				71009DCA164089ABFC09D20602F505D2 /* CustomizedPlayerLayer */,
			);
			path = PlayerController;
			sourceTree = "<group>";
		};
		71009DCA164089ABFC09D20602F505D2 /* CustomizedPlayerLayer */ = {
			isa = PBXGroup;
			children = (
				8D21B768F10E91C3AC2C8E8CDF09D0C9 /* CustomizedPlayerLayer.swift */,
			);
			path = CustomizedPlayerLayer;
			sourceTree = "<group>";
		};
		DC2F150F48FFC7AC0BC1EFF2B346309F /* TrackDecodable */ = {
			isa = PBXGroup;
			children = (
				01BA39E6CC62E728DD7D73BDF2509BEA /* TrackDecodable.swift */,
			);
			path = TrackDecodable;
			sourceTree = "<group>";
		};
		620B19257CC2ADA644ADA15BDC62EE6E /* Models */ = {
			isa = PBXGroup;
			children = (
				EDB2D4A5261E6C1CF35A8AA54DB53A3B /* DecodeModels.swift */,
			);
			path = Models;
			sourceTree = "<group>";
		};
/* End PBXGroup section */

/* Begin PBXNativeTarget section */
		649E99E2EC0A09D03E33A2A3F86AEFFF /* CustomPlayer */ = {
			isa = PBXNativeTarget;
			buildConfigurationList = F79C00BC7C435559ACC29AE36974ED40 /* Build configuration list for PBXNativeTarget "CustomPlayer" */;
			buildPhases = (
				B0DCFB3B9172F5CA7CBF3BBFE83CF2E5 /* Sources */,
				39858575E0106FB0F7ACC320E061522A /* Frameworks */,
				2225E9E4C4AF1431D1F1E8FC8DB67C44 /* Resources */,
			);
			buildRules = (
			);
			dependencies = (
			);
			name = CustomPlayer;
			productName = H264Player;
			productReference = CDCAB4BDD4B27089B19D0CDB33CBB0ED /* CustomPlayer.app */;
			productType = "com.apple.product-type.application";
		};
/* End PBXNativeTarget section */

/* Begin PBXProject section */
		1A6DAD71CEEF33625665C6B669CE3449 /* Project object */ = {
			isa = PBXProject;
			attributes = {
				LastSwiftUpdateCheck = 1020;
				LastUpgradeCheck = 1020;
				ORGANIZATIONNAME = USER;
				TargetAttributes = {
					649E99E2EC0A09D03E33A2A3F86AEFFF = {
						CreatedOnToolsVersion = 10.2.1;
					};
				};
			};
			buildConfigurationList = 1210C529ACDD17FBFD6D857A41F1CAB5 /* Build configuration list for PBXProject "CustomPlayer" */;
			compatibilityVersion = "Xcode 9.3";
			developmentRegion = en;
			hasScannedForEncodings = 0;
			knownRegions = (
				en,
				Base,
			);
			mainGroup = 2B3B2E9EF3BD7218D18CACF0BE330033;
			productRefGroup = 2ECE6FC422FF50A4A3E0D30888EA183D /* Products */;
			projectDirPath = "";
			projectRoot = "";
			targets = (
				649E99E2EC0A09D03E33A2A3F86AEFFF /* CustomPlayer */,
			);
		};
/* End PBXProject section */

/* Begin PBXResourcesBuildPhase section */
		2225E9E4C4AF1431D1F1E8FC8DB67C44 /* Resources */ = {
			isa = PBXResourcesBuildPhase;
			buildActionMask = 2147483647;
			files = (
				E5867F235D3DD46E645C3144A170B4CD /* Assets.xcassets in Resources */,
				0FFF660B2937A3284136AD6E0FDCF1F9 /* LaunchScreen.storyboard in Resources */,
				266F56200DEEF059B5B5BB8C9230D511 /* coffee.mp4 in Resources */,
				A94B6CF3D350A471AE6552A1412021AD /* firewerk.mp4 in Resources */,
				980E6E842943B858BF7CD102E344EF92 /* ma.mp4 in Resources */,
				844AF862B99481A1C83AD30AD9F88F26 /* te.mp4 in Resources */,
				8813D0F69A0164E860A603CEE6C55F47 /* ten.mp4 in Resources */,
				FD618859A60714358E19FC60725C21E3 /* walk.mp4 in Resources */,
				6F969C368B1D3E1468B73B5F5CC54DC8 /* you.mp4 in Resources */,
			);
			runOnlyForDeploymentPostprocessing = 0;
		};
/* End PBXResourcesBuildPhase section */

/* Begin PBXSourcesBuildPhase section */
		B0DCFB3B9172F5CA7CBF3BBFE83CF2E5 /* Sources */ = {
			isa = PBXSourcesBuildPhase;
			buildActionMask = 2147483647;
			files = (
				6B2ABD4C59A02CC9704463541326361C /* AAC_ADTSDecoder.swift in Sources */,
				0BCF3FED2C7FF1A8FD3669CCBD12BF39 /* AppDelegate.swift in Sources */,
				D3833DC67507255D72291AE58B3A3E26 /* AudioPlayer.swift in Sources */,
				CF911D1E2CEE7F496627F23653DB04D4 /* AvccDecoder.swift in Sources */,
				F4CEC1B90029191368F50A4CD0A8091C /* Container.swift in Sources */,
				992BD6E993E3D533CBD3EF76D94CAAEF /* ContainerPool.swift in Sources */,
				EBA12A95EEADCD063FE3E1C1A9833655 /* CustomizedPlayer.swift in Sources */,
				6EB2592DA23A402E967A2F6172159693 /* CustomizedPlayerLayer.swift in Sources */,
				60985D23C586619178C0190E7520D56D /* DecodeModels.swift in Sources */,
				279EAB0E98488BDFC9BDE969E273D82C /* Extenstions.swift in Sources */,
				9533E8E475B932326D2302B642F54A9E /* FileReader.swift in Sources */,
				580EE78E8312D2B6AAB0C50446C9123D /* FileStreamReadable.swift in Sources */,
				FAF2E1B9680BFC778218B1F6C7B877A8 /* H264Decoder.swift in Sources */,
				A3722CAEE8BF0BE6214C5006D701E618 /* MediaFileReadable.swift in Sources */,
				3D4C0256E44FB978D751F621D1C8D31F /* MediaMixer.swift in Sources */,
				50541FB277713A2C47C571E779B0FC45 /* MediaPlayable.swift in Sources */,
				E65C5EF66757C73067E3F27BC021B719 /* Models.swift in Sources */,
				8B4398BA85AF3F73D100F4CD2D911ED1 /* MoviePlayer.swift in Sources */,
				A525E725EB4E44F6387A21093F177194 /* Mpeg4File.swift in Sources */,
				DD533B79D21CC0D6719AC004CB564C0A /* Mpeg4Parser.swift in Sources */,
				6E055A2EEAD2C4C324F525E96C24D299 /* MultiMediaVideoTypeDecoderDelegate.swift in Sources */,
				2646F5EDB9E6EBC784FB22FD2142DFA8 /* Playable.swift in Sources */,
				A00A5DA2568148D5F0D9C63A993F77E8 /* PlayerViewContoller.swift in Sources */,
				413FF81E4E35DDFE258814668C03A0F6 /* TrackDecodable.swift in Sources */,
				5BBE68F3A5A77C13ED5F58BEDB9017A2 /* VideoFrameReadable.swift in Sources */,
			);
			runOnlyForDeploymentPostprocessing = 0;
		};
/* End PBXSourcesBuildPhase section */

/* Begin PBXVariantGroup section */
		03778A3FA1C52BCB67834A94C40D66C1 /* LaunchScreen.storyboard */ = {
			isa = PBXVariantGroup;
			children = (
				1432C2CEC4DBEE56A3437B15385BE301 /* Base */,
			);
			name = LaunchScreen.storyboard;
			sourceTree = "<group>";
		};
/* End PBXVariantGroup section */

/* Begin XCBuildConfiguration section */
		ED9BAD65FCF01405E82330CE2169A764 /* Debug */ = {
			isa = XCBuildConfiguration;
			buildSettings = {
				ALWAYS_SEARCH_USER_PATHS = NO;
				CLANG_ANALYZER_NONNULL = YES;
				CLANG_ANALYZER_NUMBER_OBJECT_CONVERSION = YES_AGGRESSIVE;
				CLANG_CXX_LANGUAGE_STANDARD = "gnu++14";
				CLANG_CXX_LIBRARY = "libc++";
				CLANG_ENABLE_MODULES = YES;
				CLANG_ENABLE_OBJC_ARC = YES;
				CLANG_ENABLE_OBJC_WEAK = YES;
				CLANG_WARN_BLOCK_CAPTURE_AUTORELEASING = YES;
				CLANG_WARN_BOOL_CONVERSION = YES;
				CLANG_WARN_COMMA = YES;
				CLANG_WARN_CONSTANT_CONVERSION = YES;
				CLANG_WARN_DEPRECATED_OBJC_IMPLEMENTATIONS = YES;
				CLANG_WARN_DIRECT_OBJC_ISA_USAGE = YES_ERROR;
				CLANG_WARN_DOCUMENTATION_COMMENTS = YES;
				CLANG_WARN_EMPTY_BODY = YES;
				CLANG_WARN_ENUM_CONVERSION = YES;
				CLANG_WARN_INFINITE_RECURSION = YES;
				CLANG_WARN_INT_CONVERSION = YES;
				CLANG_WARN_NON_LITERAL_NULL_CONVERSION = YES;
				CLANG_WARN_OBJC_IMPLICIT_RETAIN_SELF = YES;
				CLANG_WARN_OBJC_LITERAL_CONVERSION = YES;
				CLANG_WARN_OBJC_ROOT_CLASS = YES_ERROR;
				CLANG_WARN_RANGE_LOOP_ANALYSIS = YES;
				CLANG_WARN_STRICT_PROTOTYPES = YES;
				CLANG_WARN_SUSPICIOUS_MOVE = YES;
				CLANG_WARN_UNGUARDED_AVAILABILITY = YES_AGGRESSIVE;
				CLANG_WARN_UNREACHABLE_CODE = YES;
				CLANG_WARN__DUPLICATE_METHOD_MATCH = YES;
				CODE_SIGN_IDENTITY = "iPhone Developer";
				COPY_PHASE_STRIP = NO;
				DEBUG_INFORMATION_FORMAT = dwarf;
				ENABLE_STRICT_OBJC_MSGSEND = YES;
				ENABLE_TESTABILITY = YES;
				GCC_C_LANGUAGE_STANDARD = gnu11;
				GCC_DYNAMIC_NO_PIC = NO;
				GCC_NO_COMMON_BLOCKS = YES;
				GCC_OPTIMIZATION_LEVEL = 0;
				GCC_PREPROCESSOR_DEFINITIONS = (
					"DEBUG=1",
					"$(inherited)",
				);
				GCC_WARN_64_TO_32_BIT_CONVERSION = YES;
				GCC_WARN_ABOUT_RETURN_TYPE = YES_ERROR;
				GCC_WARN_UNDECLARED_SELECTOR = YES;
				GCC_WARN_UNINITIALIZED_AUTOS = YES_AGGRESSIVE;
				GCC_WARN_UNUSED_FUNCTION = YES;
				GCC_WARN_UNUSED_VARIABLE = YES;
				IPHONEOS_DEPLOYMENT_TARGET = 12.2;
				MTL_ENABLE_DEBUG_INFO = INCLUDE_SOURCE;
				MTL_FAST_MATH = YES;
				ONLY_ACTIVE_ARCH = YES;
				SDKROOT = iphoneos;
				SWIFT_ACTIVE_COMPILATION_CONDITIONS = DEBUG;
				SWIFT_OPTIMIZATION_LEVEL = "-Onone";
			};
			name = Debug;
		};
		8A0D446F6DFF41E69FE9C9F57D1C46BA /* Release */ = {
			isa = XCBuildConfiguration;
			buildSettings = {
				ALWAYS_SEARCH_USER_PATHS = NO;
				CLANG_ANALYZER_NONNULL = YES;
				CLANG_ANALYZER_NUMBER_OBJECT_CONVERSION = YES_AGGRESSIVE;
				CLANG_CXX_LANGUAGE_STANDARD = "gnu++14";
				CLANG_CXX_LIBRARY = "libc++";
				CLANG_ENABLE_MODULES = YES;
				CLANG_ENABLE_OBJC_ARC = YES;
				CLANG_ENABLE_OBJC_WEAK = YES;
				CLANG_WARN_BLOCK_CAPTURE_AUTORELEASING = YES;
				CLANG_WARN_BOOL_CONVERSION = YES;
				CLANG_WARN_COMMA = YES;
				CLANG_WARN_CONSTANT_CONVERSION = YES;
				CLANG_WARN_DEPRECATED_OBJC_IMPLEMENTATIONS = YES;
				CLANG_WARN_DIRECT_OBJC_ISA_USAGE = YES_ERROR;
				CLANG_WARN_DOCUMENTATION_COMMENTS = YES;
				CLANG_WARN_EMPTY_BODY = YES;
				CLANG_WARN_ENUM_CONVERSION = YES;
				CLANG_WARN_INFINITE_RECURSION = YES;
				CLANG_WARN_INT_CONVERSION = YES;
				CLANG_WARN_NON_LITERAL_NULL_CONVERSION = YES;
				CLANG_WARN_OBJC_IMPLICIT_RETAIN_SELF = YES;
				CLANG_WARN_OBJC_LITERAL_CONVERSION = YES;
				CLANG_WARN_OBJC_ROOT_CLASS = YES_ERROR;
				CLANG_WARN_RANGE_LOOP_ANALYSIS = YES;
				CLANG_WARN_STRICT_PROTOTYPES = YES;
				CLANG_WARN_SUSPICIOUS_MOVE = YES;
				CLANG_WARN_UNGUARDED_AVAILABILITY = YES_AGGRESSIVE;
				CLANG_WARN_UNREACHABLE_CODE = YES;
				CLANG_WARN__DUPLICATE_METHOD_MATCH = YES;
				CODE_SIGN_IDENTITY = "iPhone Developer";
				COPY_PHASE_STRIP = NO;
				DEBUG_INFORMATION_FORMAT = "dwarf-with-dsym";
				ENABLE_NS_ASSERTIONS = NO;
				ENABLE_STRICT_OBJC_MSGSEND = YES;
				GCC_C_LANGUAGE_STANDARD = gnu11;
				GCC_NO_COMMON_BLOCKS = YES;
				GCC_WARN_64_TO_32_BIT_CONVERSION = YES;
				GCC_WARN_ABOUT_RETURN_TYPE = YES_ERROR;
				GCC_WARN_UNDECLARED_SELECTOR = YES;
				GCC_WARN_UNINITIALIZED_AUTOS = YES_AGGRESSIVE;
				GCC_WARN_UNUSED_FUNCTION = YES;
				GCC_WARN_UNUSED_VARIABLE = YES;
				IPHONEOS_DEPLOYMENT_TARGET = 12.2;
				MTL_ENABLE_DEBUG_INFO = NO;
				MTL_FAST_MATH = YES;
				SDKROOT = iphoneos;
				SWIFT_COMPILATION_MODE = wholemodule;
				SWIFT_OPTIMIZATION_LEVEL = "-O";
				VALIDATE_PRODUCT = YES;
			};
			name = Release;
		};
		3DDDACF92350A6BB4663DB95BDE4AD68 /* Debug */ = {
			isa = XCBuildConfiguration;
			buildSettings = {
				ASSETCATALOG_COMPILER_APPICON_NAME = AppIcon;
				CODE_SIGN_STYLE = Automatic;
				DEVELOPMENT_TEAM = CMXKRM464P;
				INFOPLIST_FILE = CustomPlayer/Info.plist;
				LD_RUNPATH_SEARCH_PATHS = (
					"$(inherited)",
					"@executable_path/Frameworks",
				);
				PRODUCT_BUNDLE_IDENTIFIER = NAVER.CustomPlayer;
				PRODUCT_NAME = "$(TARGET_NAME)";
				SWIFT_VERSION = 5.0;
				TARGETED_DEVICE_FAMILY = "1,2";
			};
			name = Debug;
		};
		C94EFC19E7D968EDE11C3F5364B1193A /* Release */ = {
			isa = XCBuildConfiguration;
			buildSettings = {
				ASSETCATALOG_COMPILER_APPICON_NAME = AppIcon;
				CODE_SIGN_STYLE = Automatic;
				DEVELOPMENT_TEAM = CMXKRM464P;
				INFOPLIST_FILE = CustomPlayer/Info.plist;
				LD_RUNPATH_SEARCH_PATHS = (
					"$(inherited)",
					"@executable_path/Frameworks",
				);
				PRODUCT_BUNDLE_IDENTIFIER = NAVER.CustomPlayer;
				PRODUCT_NAME = "$(TARGET_NAME)";
				SWIFT_VERSION = 5.0;
				TARGETED_DEVICE_FAMILY = "1,2";
			};
			name = Release;
		};
/* End XCBuildConfiguration section */

/* Begin XCConfigurationList section */
		1210C529ACDD17FBFD6D857A41F1CAB5 /* Build configuration list for PBXProject "CustomPlayer" */ = {
			isa = XCConfigurationList;
			buildConfigurations = (
				ED9BAD65FCF01405E82330CE2169A764 /* Debug */,
				8A0D446F6DFF41E69FE9C9F57D1C46BA /* Release */,
			);
			defaultConfigurationIsVisible = 0;
			defaultConfigurationName = Release;
		};
		F79C00BC7C435559ACC29AE36974ED40 /* Build configuration list for PBXNativeTarget "CustomPlayer" */ = {
			isa = XCConfigurationList;
			buildConfigurations = (
				3DDDACF92350A6BB4663DB95BDE4AD68 /* Debug */,
				C94EFC19E7D968EDE11C3F5364B1193A /* Release */,
			);
			defaultConfigurationIsVisible = 0;
			defaultConfigurationName = Release;
		};
/* End XCConfigurationList section */
	};
	rootObject = 1A6DAD71CEEF33625665C6B669CE3449 /* Project object */;
}
